
Microsoft Visual Studio Solution File, Format Version 12.00
# Visual Studio Version 16
VisualStudioVersion = 16.0.29806.167
MinimumVisualStudioVersion = 10.0.40219.1
Project("{FAE04EC0-301F-11D3-BF4B-00C04F79EFBC}") = "Mzt.Serialization", "Mzt.Serialization\Mzt.Serialization.csproj", "{A815A71E-0B32-407F-9EAE-D520D168EF40}"
EndProject
Project("{FAE04EC0-301F-11D3-BF4B-00C04F79EFBC}") = "Mzt.CommonExcel", "Mzt.CommonExcel\Mzt.CommonExcel.csproj", "{802006EB-CEDA-4FF1-839F-4EF9F38FA290}"
EndProject
Project("{FAE04EC0-301F-11D3-BF4B-00C04F79EFBC}") = "Mzt.CommonFile", "Mzt.CommonFile\Mzt.CommonFile.csproj", "{8C2532CE-E159-417E-A4E4-8B45F5911681}"
EndProject
Project("{FAE04EC0-301F-11D3-BF4B-00C04F79EFBC}") = "Mzt.Logging", "Mzt.Logging\Mzt.Logging.csproj", "{77E35CB1-F1C2-4024-99C5-601183BDCCDB}"
EndProject
Project("{FAE04EC0-301F-11D3-BF4B-00C04F79EFBC}") = "Mzt.CommonZip", "Mzt.CommonZip\Mzt.CommonZip.csproj", "{564DF3C0-296A-4694-8141-BDA4907E0A12}"
EndProject
Project("{FAE04EC0-301F-11D3-BF4B-00C04F79EFBC}") = "Mzt.MTDATA.Utils", "Mzt.MTDATA.Utils\Mzt.MTDATA.Utils.csproj", "{F80FD8CE-4DD9-4C62-9EB9-2643263D1D3F}"
EndProject
Project("{FAE04EC0-301F-11D3-BF4B-00C04F79EFBC}") = "Mzt.NugetServer", "..\Mzt.NugetServer\Mzt.NugetServer\Mzt.NugetServer.csproj", "{FC4296F9-B6F1-4A2E-92F3-9E73D19945E9}"
EndProject
Project("{FAE04EC0-301F-11D3-BF4B-00C04F79EFBC}") = "Tests_GlobalAssembly", "..\Tests_GlobalAssembly\Tests_GlobalAssembly.csproj", "{8806A8C5-47AA-4033-8638-804ABC71995A}"
EndProject
Project("{9A19103F-16F7-4668-BE54-9A1E7A4F7556}") = "MztNS.RabbitMQ", "MztNS.RabbitMQ\MztNS.RabbitMQ.csproj", "{D47B2C72-9C45-48DE-841D-FA95A27F2485}"
EndProject
Project("{9A19103F-16F7-4668-BE54-9A1E7A4F7556}") = "MztNS.Serialization", "MztNS.Serialization\MztNS.Serialization.csproj", "{2544EB51-6704-4F85-AE01-F67047600011}"
EndProject
Project("{FAE04EC0-301F-11D3-BF4B-00C04F79EFBC}") = "Mzt.RabbitMQ", "Mzt.RabbitMQ\Mzt.RabbitMQ.csproj", "{D197082E-D0FF-4249-AB0B-781813EE8421}"
EndProject
Project("{2150E333-8FDC-42A3-9474-1A3956D46DE8}") = "NetStandard", "NetStandard", "{D484789C-2033-4D74-9E1F-CBFC078191B5}"
EndProject
Project("{2150E333-8FDC-42A3-9474-1A3956D46DE8}") = "NetFramework", "NetFramework", "{9C63D057-E4B7-452B-9D83-053AA0987054}"
EndProject
Project("{9A19103F-16F7-4668-BE54-9A1E7A4F7556}") = "MztNS.Logging", "MztNS.Logging\MztNS.Logging.csproj", "{0BD63BC7-16A8-48A8-8287-E7D16EEF1704}"
EndProject
Project("{9A19103F-16F7-4668-BE54-9A1E7A4F7556}") = "MztNS.MTDATA.Utils", "MztNS.MTDATA.Utils\MztNS.MTDATA.Utils.csproj", "{96BAE162-D9DE-4A18-BF59-0582D8854978}"
EndProject
Project("{FAE04EC0-301F-11D3-BF4B-00C04F79EFBC}") = "Mzt.WCFEmailSender", "Mzt.WCFEmailSender\Mzt.WCFEmailSender.csproj", "{383469B7-0CA1-4A8B-B770-37B83C36EFA0}"
EndProject
Project("{9A19103F-16F7-4668-BE54-9A1E7A4F7556}") = "MztNS.CommonExcel", "MztNS.CommonExcel\MztNS.CommonExcel.csproj", "{EBD3FDBD-8E8E-463A-BAFE-B6E192A678E2}"
EndProject
Project("{9A19103F-16F7-4668-BE54-9A1E7A4F7556}") = "MztNS.RabbitEmailSender", "MztNS.RabbitEmailSender\MztNS.RabbitEmailSender.csproj", "{E3AC37C3-1403-4BBF-8654-A0244D9083CC}"
EndProject
Project("{9A19103F-16F7-4668-BE54-9A1E7A4F7556}") = "MztNS.RazorMailer", "MztNS.RazorMailer\MztNS.RazorMailer.csproj", "{C0626993-A9D1-40B6-8802-4D8816160275}"
EndProject
Project("{9A19103F-16F7-4668-BE54-9A1E7A4F7556}") = "MztNS.Core", "MztNS.Core\MztNS.Core.csproj", "{4708E9A6-DB0D-49CA-9DE2-226CED79EBEF}"
EndProject
Project("{9A19103F-16F7-4668-BE54-9A1E7A4F7556}") = "MztNS.Enumerations", "MztNS.Enumerations\MztNS.Enumerations.csproj", "{B225B45F-AAEC-4610-ABE8-A4C5EEF1DFA5}"
EndProject
Project("{9A19103F-16F7-4668-BE54-9A1E7A4F7556}") = "MztNS.Core.EF", "MztNS.Core.EF\MztNS.Core.EF.csproj", "{1CB94FA8-B910-4291-8352-F00046AA7E23}"
EndProject
Project("{9A19103F-16F7-4668-BE54-9A1E7A4F7556}") = "MztNS.MTData.SimpleCache", "MztNS.MTData.SimpleCache\MztNS.MTData.SimpleCache.csproj", "{FF07ECC8-E65B-469E-9DFB-D9BB75F1722A}"
EndProject
Project("{9A19103F-16F7-4668-BE54-9A1E7A4F7556}") = "MztNS.MTData.Managers", "MztNS.MTData.Managers\MztNS.MTData.Managers.csproj", "{A086316A-D6F5-40F1-BB50-1F3130273296}"
EndProject
Global
	GlobalSection(SolutionConfigurationPlatforms) = preSolution
		Debug|Any CPU = Debug|Any CPU
		Debug|x64 = Debug|x64
		Exo.Debug|Any CPU = Exo.Debug|Any CPU
		Exo.Debug|x64 = Exo.Debug|x64
		Exo.Release|Any CPU = Exo.Release|Any CPU
		Exo.Release|x64 = Exo.Release|x64
		Mesa.Debug|Any CPU = Mesa.Debug|Any CPU
		Mesa.Debug|x64 = Mesa.Debug|x64
		Mesa.Release|Any CPU = Mesa.Release|Any CPU
		Mesa.Release|x64 = Mesa.Release|x64
		Release|Any CPU = Release|Any CPU
		Release|x64 = Release|x64
		x64|Any CPU = x64|Any CPU
		x64|x64 = x64|x64
	EndGlobalSection
	GlobalSection(ProjectConfigurationPlatforms) = postSolution
		{A815A71E-0B32-407F-9EAE-D520D168EF40}.Debug|Any CPU.ActiveCfg = Debug|Any CPU
		{A815A71E-0B32-407F-9EAE-D520D168EF40}.Debug|Any CPU.Build.0 = Debug|Any CPU
		{A815A71E-0B32-407F-9EAE-D520D168EF40}.Debug|x64.ActiveCfg = Debug|Any CPU
		{A815A71E-0B32-407F-9EAE-D520D168EF40}.Debug|x64.Build.0 = Debug|Any CPU
		{A815A71E-0B32-407F-9EAE-D520D168EF40}.Exo.Debug|Any CPU.ActiveCfg = Debug|Any CPU
		{A815A71E-0B32-407F-9EAE-D520D168EF40}.Exo.Debug|Any CPU.Build.0 = Debug|Any CPU
		{A815A71E-0B32-407F-9EAE-D520D168EF40}.Exo.Debug|x64.ActiveCfg = Debug|Any CPU
		{A815A71E-0B32-407F-9EAE-D520D168EF40}.Exo.Debug|x64.Build.0 = Debug|Any CPU
		{A815A71E-0B32-407F-9EAE-D520D168EF40}.Exo.Release|Any CPU.ActiveCfg = Release|Any CPU
		{A815A71E-0B32-407F-9EAE-D520D168EF40}.Exo.Release|Any CPU.Build.0 = Release|Any CPU
		{A815A71E-0B32-407F-9EAE-D520D168EF40}.Exo.Release|x64.ActiveCfg = Release|Any CPU
		{A815A71E-0B32-407F-9EAE-D520D168EF40}.Exo.Release|x64.Build.0 = Release|Any CPU
		{A815A71E-0B32-407F-9EAE-D520D168EF40}.Mesa.Debug|Any CPU.ActiveCfg = Debug|Any CPU
		{A815A71E-0B32-407F-9EAE-D520D168EF40}.Mesa.Debug|Any CPU.Build.0 = Debug|Any CPU
		{A815A71E-0B32-407F-9EAE-D520D168EF40}.Mesa.Debug|x64.ActiveCfg = Debug|Any CPU
		{A815A71E-0B32-407F-9EAE-D520D168EF40}.Mesa.Debug|x64.Build.0 = Debug|Any CPU
		{A815A71E-0B32-407F-9EAE-D520D168EF40}.Mesa.Release|Any CPU.ActiveCfg = Release|Any CPU
		{A815A71E-0B32-407F-9EAE-D520D168EF40}.Mesa.Release|Any CPU.Build.0 = Release|Any CPU
		{A815A71E-0B32-407F-9EAE-D520D168EF40}.Mesa.Release|x64.ActiveCfg = Release|Any CPU
		{A815A71E-0B32-407F-9EAE-D520D168EF40}.Mesa.Release|x64.Build.0 = Release|Any CPU
		{A815A71E-0B32-407F-9EAE-D520D168EF40}.Release|Any CPU.ActiveCfg = Release|Any CPU
		{A815A71E-0B32-407F-9EAE-D520D168EF40}.Release|Any CPU.Build.0 = Release|Any CPU
		{A815A71E-0B32-407F-9EAE-D520D168EF40}.Release|x64.ActiveCfg = Release|Any CPU
		{A815A71E-0B32-407F-9EAE-D520D168EF40}.Release|x64.Build.0 = Release|Any CPU
		{A815A71E-0B32-407F-9EAE-D520D168EF40}.x64|Any CPU.ActiveCfg = Release|Any CPU
		{A815A71E-0B32-407F-9EAE-D520D168EF40}.x64|Any CPU.Build.0 = Release|Any CPU
		{A815A71E-0B32-407F-9EAE-D520D168EF40}.x64|x64.ActiveCfg = Release|Any CPU
		{A815A71E-0B32-407F-9EAE-D520D168EF40}.x64|x64.Build.0 = Release|Any CPU
		{802006EB-CEDA-4FF1-839F-4EF9F38FA290}.Debug|Any CPU.ActiveCfg = Debug|Any CPU
		{802006EB-CEDA-4FF1-839F-4EF9F38FA290}.Debug|Any CPU.Build.0 = Debug|Any CPU
		{802006EB-CEDA-4FF1-839F-4EF9F38FA290}.Debug|x64.ActiveCfg = Debug|Any CPU
		{802006EB-CEDA-4FF1-839F-4EF9F38FA290}.Debug|x64.Build.0 = Debug|Any CPU
		{802006EB-CEDA-4FF1-839F-4EF9F38FA290}.Exo.Debug|Any CPU.ActiveCfg = Debug|Any CPU
		{802006EB-CEDA-4FF1-839F-4EF9F38FA290}.Exo.Debug|Any CPU.Build.0 = Debug|Any CPU
		{802006EB-CEDA-4FF1-839F-4EF9F38FA290}.Exo.Debug|x64.ActiveCfg = Debug|Any CPU
		{802006EB-CEDA-4FF1-839F-4EF9F38FA290}.Exo.Debug|x64.Build.0 = Debug|Any CPU
		{802006EB-CEDA-4FF1-839F-4EF9F38FA290}.Exo.Release|Any CPU.ActiveCfg = Release|Any CPU
		{802006EB-CEDA-4FF1-839F-4EF9F38FA290}.Exo.Release|Any CPU.Build.0 = Release|Any CPU
		{802006EB-CEDA-4FF1-839F-4EF9F38FA290}.Exo.Release|x64.ActiveCfg = Release|Any CPU
		{802006EB-CEDA-4FF1-839F-4EF9F38FA290}.Exo.Release|x64.Build.0 = Release|Any CPU
		{802006EB-CEDA-4FF1-839F-4EF9F38FA290}.Mesa.Debug|Any CPU.ActiveCfg = Debug|Any CPU
		{802006EB-CEDA-4FF1-839F-4EF9F38FA290}.Mesa.Debug|Any CPU.Build.0 = Debug|Any CPU
		{802006EB-CEDA-4FF1-839F-4EF9F38FA290}.Mesa.Debug|x64.ActiveCfg = Debug|Any CPU
		{802006EB-CEDA-4FF1-839F-4EF9F38FA290}.Mesa.Debug|x64.Build.0 = Debug|Any CPU
		{802006EB-CEDA-4FF1-839F-4EF9F38FA290}.Mesa.Release|Any CPU.ActiveCfg = Release|Any CPU
		{802006EB-CEDA-4FF1-839F-4EF9F38FA290}.Mesa.Release|Any CPU.Build.0 = Release|Any CPU
		{802006EB-CEDA-4FF1-839F-4EF9F38FA290}.Mesa.Release|x64.ActiveCfg = Release|Any CPU
		{802006EB-CEDA-4FF1-839F-4EF9F38FA290}.Mesa.Release|x64.Build.0 = Release|Any CPU
		{802006EB-CEDA-4FF1-839F-4EF9F38FA290}.Release|Any CPU.ActiveCfg = Release|Any CPU
		{802006EB-CEDA-4FF1-839F-4EF9F38FA290}.Release|Any CPU.Build.0 = Release|Any CPU
		{802006EB-CEDA-4FF1-839F-4EF9F38FA290}.Release|x64.ActiveCfg = Release|Any CPU
		{802006EB-CEDA-4FF1-839F-4EF9F38FA290}.Release|x64.Build.0 = Release|Any CPU
		{802006EB-CEDA-4FF1-839F-4EF9F38FA290}.x64|Any CPU.ActiveCfg = Release|Any CPU
		{802006EB-CEDA-4FF1-839F-4EF9F38FA290}.x64|Any CPU.Build.0 = Release|Any CPU
		{802006EB-CEDA-4FF1-839F-4EF9F38FA290}.x64|x64.ActiveCfg = Release|Any CPU
		{802006EB-CEDA-4FF1-839F-4EF9F38FA290}.x64|x64.Build.0 = Release|Any CPU
		{8C2532CE-E159-417E-A4E4-8B45F5911681}.Debug|Any CPU.ActiveCfg = Debug|Any CPU
		{8C2532CE-E159-417E-A4E4-8B45F5911681}.Debug|Any CPU.Build.0 = Debug|Any CPU
		{8C2532CE-E159-417E-A4E4-8B45F5911681}.Debug|x64.ActiveCfg = Debug|Any CPU
		{8C2532CE-E159-417E-A4E4-8B45F5911681}.Debug|x64.Build.0 = Debug|Any CPU
		{8C2532CE-E159-417E-A4E4-8B45F5911681}.Exo.Debug|Any CPU.ActiveCfg = Debug|Any CPU
		{8C2532CE-E159-417E-A4E4-8B45F5911681}.Exo.Debug|Any CPU.Build.0 = Debug|Any CPU
		{8C2532CE-E159-417E-A4E4-8B45F5911681}.Exo.Debug|x64.ActiveCfg = Debug|Any CPU
		{8C2532CE-E159-417E-A4E4-8B45F5911681}.Exo.Debug|x64.Build.0 = Debug|Any CPU
		{8C2532CE-E159-417E-A4E4-8B45F5911681}.Exo.Release|Any CPU.ActiveCfg = Release|Any CPU
		{8C2532CE-E159-417E-A4E4-8B45F5911681}.Exo.Release|Any CPU.Build.0 = Release|Any CPU
		{8C2532CE-E159-417E-A4E4-8B45F5911681}.Exo.Release|x64.ActiveCfg = Release|Any CPU
		{8C2532CE-E159-417E-A4E4-8B45F5911681}.Exo.Release|x64.Build.0 = Release|Any CPU
		{8C2532CE-E159-417E-A4E4-8B45F5911681}.Mesa.Debug|Any CPU.ActiveCfg = Debug|Any CPU
		{8C2532CE-E159-417E-A4E4-8B45F5911681}.Mesa.Debug|Any CPU.Build.0 = Debug|Any CPU
		{8C2532CE-E159-417E-A4E4-8B45F5911681}.Mesa.Debug|x64.ActiveCfg = Debug|Any CPU
		{8C2532CE-E159-417E-A4E4-8B45F5911681}.Mesa.Debug|x64.Build.0 = Debug|Any CPU
		{8C2532CE-E159-417E-A4E4-8B45F5911681}.Mesa.Release|Any CPU.ActiveCfg = Release|Any CPU
		{8C2532CE-E159-417E-A4E4-8B45F5911681}.Mesa.Release|Any CPU.Build.0 = Release|Any CPU
		{8C2532CE-E159-417E-A4E4-8B45F5911681}.Mesa.Release|x64.ActiveCfg = Release|Any CPU
		{8C2532CE-E159-417E-A4E4-8B45F5911681}.Mesa.Release|x64.Build.0 = Release|Any CPU
		{8C2532CE-E159-417E-A4E4-8B45F5911681}.Release|Any CPU.ActiveCfg = Release|Any CPU
		{8C2532CE-E159-417E-A4E4-8B45F5911681}.Release|Any CPU.Build.0 = Release|Any CPU
		{8C2532CE-E159-417E-A4E4-8B45F5911681}.Release|x64.ActiveCfg = Release|Any CPU
		{8C2532CE-E159-417E-A4E4-8B45F5911681}.Release|x64.Build.0 = Release|Any CPU
		{8C2532CE-E159-417E-A4E4-8B45F5911681}.x64|Any CPU.ActiveCfg = Release|Any CPU
		{8C2532CE-E159-417E-A4E4-8B45F5911681}.x64|Any CPU.Build.0 = Release|Any CPU
		{8C2532CE-E159-417E-A4E4-8B45F5911681}.x64|x64.ActiveCfg = Release|Any CPU
		{8C2532CE-E159-417E-A4E4-8B45F5911681}.x64|x64.Build.0 = Release|Any CPU
		{77E35CB1-F1C2-4024-99C5-601183BDCCDB}.Debug|Any CPU.ActiveCfg = Debug|Any CPU
		{77E35CB1-F1C2-4024-99C5-601183BDCCDB}.Debug|Any CPU.Build.0 = Debug|Any CPU
		{77E35CB1-F1C2-4024-99C5-601183BDCCDB}.Debug|x64.ActiveCfg = Debug|x64
		{77E35CB1-F1C2-4024-99C5-601183BDCCDB}.Debug|x64.Build.0 = Debug|x64
		{77E35CB1-F1C2-4024-99C5-601183BDCCDB}.Exo.Debug|Any CPU.ActiveCfg = Exo.Debug|Any CPU
		{77E35CB1-F1C2-4024-99C5-601183BDCCDB}.Exo.Debug|Any CPU.Build.0 = Exo.Debug|Any CPU
		{77E35CB1-F1C2-4024-99C5-601183BDCCDB}.Exo.Debug|x64.ActiveCfg = Exo.Debug|x64
		{77E35CB1-F1C2-4024-99C5-601183BDCCDB}.Exo.Debug|x64.Build.0 = Exo.Debug|x64
		{77E35CB1-F1C2-4024-99C5-601183BDCCDB}.Exo.Release|Any CPU.ActiveCfg = Exo.Release|Any CPU
		{77E35CB1-F1C2-4024-99C5-601183BDCCDB}.Exo.Release|Any CPU.Build.0 = Exo.Release|Any CPU
		{77E35CB1-F1C2-4024-99C5-601183BDCCDB}.Exo.Release|x64.ActiveCfg = Exo.Release|x64
		{77E35CB1-F1C2-4024-99C5-601183BDCCDB}.Exo.Release|x64.Build.0 = Exo.Release|x64
		{77E35CB1-F1C2-4024-99C5-601183BDCCDB}.Mesa.Debug|Any CPU.ActiveCfg = Mesa.Debug|Any CPU
		{77E35CB1-F1C2-4024-99C5-601183BDCCDB}.Mesa.Debug|Any CPU.Build.0 = Mesa.Debug|Any CPU
		{77E35CB1-F1C2-4024-99C5-601183BDCCDB}.Mesa.Debug|x64.ActiveCfg = Mesa.Debug|x64
		{77E35CB1-F1C2-4024-99C5-601183BDCCDB}.Mesa.Debug|x64.Build.0 = Mesa.Debug|x64
		{77E35CB1-F1C2-4024-99C5-601183BDCCDB}.Mesa.Release|Any CPU.ActiveCfg = Mesa.Release|Any CPU
		{77E35CB1-F1C2-4024-99C5-601183BDCCDB}.Mesa.Release|Any CPU.Build.0 = Mesa.Release|Any CPU
		{77E35CB1-F1C2-4024-99C5-601183BDCCDB}.Mesa.Release|x64.ActiveCfg = Mesa.Release|x64
		{77E35CB1-F1C2-4024-99C5-601183BDCCDB}.Mesa.Release|x64.Build.0 = Mesa.Release|x64
		{77E35CB1-F1C2-4024-99C5-601183BDCCDB}.Release|Any CPU.ActiveCfg = Release|Any CPU
		{77E35CB1-F1C2-4024-99C5-601183BDCCDB}.Release|Any CPU.Build.0 = Release|Any CPU
		{77E35CB1-F1C2-4024-99C5-601183BDCCDB}.Release|x64.ActiveCfg = Release|x64
		{77E35CB1-F1C2-4024-99C5-601183BDCCDB}.Release|x64.Build.0 = Release|x64
		{77E35CB1-F1C2-4024-99C5-601183BDCCDB}.x64|Any CPU.ActiveCfg = x64|Any CPU
		{77E35CB1-F1C2-4024-99C5-601183BDCCDB}.x64|Any CPU.Build.0 = x64|Any CPU
		{77E35CB1-F1C2-4024-99C5-601183BDCCDB}.x64|x64.ActiveCfg = x64|x64
		{77E35CB1-F1C2-4024-99C5-601183BDCCDB}.x64|x64.Build.0 = x64|x64
		{564DF3C0-296A-4694-8141-BDA4907E0A12}.Debug|Any CPU.ActiveCfg = Debug|Any CPU
		{564DF3C0-296A-4694-8141-BDA4907E0A12}.Debug|Any CPU.Build.0 = Debug|Any CPU
		{564DF3C0-296A-4694-8141-BDA4907E0A12}.Debug|x64.ActiveCfg = Debug|Any CPU
		{564DF3C0-296A-4694-8141-BDA4907E0A12}.Debug|x64.Build.0 = Debug|Any CPU
		{564DF3C0-296A-4694-8141-BDA4907E0A12}.Exo.Debug|Any CPU.ActiveCfg = Debug|Any CPU
		{564DF3C0-296A-4694-8141-BDA4907E0A12}.Exo.Debug|Any CPU.Build.0 = Debug|Any CPU
		{564DF3C0-296A-4694-8141-BDA4907E0A12}.Exo.Debug|x64.ActiveCfg = Debug|Any CPU
		{564DF3C0-296A-4694-8141-BDA4907E0A12}.Exo.Debug|x64.Build.0 = Debug|Any CPU
		{564DF3C0-296A-4694-8141-BDA4907E0A12}.Exo.Release|Any CPU.ActiveCfg = Release|Any CPU
		{564DF3C0-296A-4694-8141-BDA4907E0A12}.Exo.Release|Any CPU.Build.0 = Release|Any CPU
		{564DF3C0-296A-4694-8141-BDA4907E0A12}.Exo.Release|x64.ActiveCfg = Release|Any CPU
		{564DF3C0-296A-4694-8141-BDA4907E0A12}.Exo.Release|x64.Build.0 = Release|Any CPU
		{564DF3C0-296A-4694-8141-BDA4907E0A12}.Mesa.Debug|Any CPU.ActiveCfg = Debug|Any CPU
		{564DF3C0-296A-4694-8141-BDA4907E0A12}.Mesa.Debug|Any CPU.Build.0 = Debug|Any CPU
		{564DF3C0-296A-4694-8141-BDA4907E0A12}.Mesa.Debug|x64.ActiveCfg = Debug|Any CPU
		{564DF3C0-296A-4694-8141-BDA4907E0A12}.Mesa.Debug|x64.Build.0 = Debug|Any CPU
		{564DF3C0-296A-4694-8141-BDA4907E0A12}.Mesa.Release|Any CPU.ActiveCfg = Release|Any CPU
		{564DF3C0-296A-4694-8141-BDA4907E0A12}.Mesa.Release|Any CPU.Build.0 = Release|Any CPU
		{564DF3C0-296A-4694-8141-BDA4907E0A12}.Mesa.Release|x64.ActiveCfg = Release|Any CPU
		{564DF3C0-296A-4694-8141-BDA4907E0A12}.Mesa.Release|x64.Build.0 = Release|Any CPU
		{564DF3C0-296A-4694-8141-BDA4907E0A12}.Release|Any CPU.ActiveCfg = Release|Any CPU
		{564DF3C0-296A-4694-8141-BDA4907E0A12}.Release|Any CPU.Build.0 = Release|Any CPU
		{564DF3C0-296A-4694-8141-BDA4907E0A12}.Release|x64.ActiveCfg = Release|Any CPU
		{564DF3C0-296A-4694-8141-BDA4907E0A12}.Release|x64.Build.0 = Release|Any CPU
		{564DF3C0-296A-4694-8141-BDA4907E0A12}.x64|Any CPU.ActiveCfg = Release|Any CPU
		{564DF3C0-296A-4694-8141-BDA4907E0A12}.x64|Any CPU.Build.0 = Release|Any CPU
		{564DF3C0-296A-4694-8141-BDA4907E0A12}.x64|x64.ActiveCfg = Release|Any CPU
		{564DF3C0-296A-4694-8141-BDA4907E0A12}.x64|x64.Build.0 = Release|Any CPU
		{F80FD8CE-4DD9-4C62-9EB9-2643263D1D3F}.Debug|Any CPU.ActiveCfg = Debug|Any CPU
		{F80FD8CE-4DD9-4C62-9EB9-2643263D1D3F}.Debug|Any CPU.Build.0 = Debug|Any CPU
		{F80FD8CE-4DD9-4C62-9EB9-2643263D1D3F}.Debug|x64.ActiveCfg = Debug|Any CPU
		{F80FD8CE-4DD9-4C62-9EB9-2643263D1D3F}.Debug|x64.Build.0 = Debug|Any CPU
		{F80FD8CE-4DD9-4C62-9EB9-2643263D1D3F}.Exo.Debug|Any CPU.ActiveCfg = Debug|Any CPU
		{F80FD8CE-4DD9-4C62-9EB9-2643263D1D3F}.Exo.Debug|Any CPU.Build.0 = Debug|Any CPU
		{F80FD8CE-4DD9-4C62-9EB9-2643263D1D3F}.Exo.Debug|x64.ActiveCfg = Debug|Any CPU
		{F80FD8CE-4DD9-4C62-9EB9-2643263D1D3F}.Exo.Debug|x64.Build.0 = Debug|Any CPU
		{F80FD8CE-4DD9-4C62-9EB9-2643263D1D3F}.Exo.Release|Any CPU.ActiveCfg = Release|Any CPU
		{F80FD8CE-4DD9-4C62-9EB9-2643263D1D3F}.Exo.Release|Any CPU.Build.0 = Release|Any CPU
		{F80FD8CE-4DD9-4C62-9EB9-2643263D1D3F}.Exo.Release|x64.ActiveCfg = Release|Any CPU
		{F80FD8CE-4DD9-4C62-9EB9-2643263D1D3F}.Exo.Release|x64.Build.0 = Release|Any CPU
		{F80FD8CE-4DD9-4C62-9EB9-2643263D1D3F}.Mesa.Debug|Any CPU.ActiveCfg = Debug|Any CPU
		{F80FD8CE-4DD9-4C62-9EB9-2643263D1D3F}.Mesa.Debug|Any CPU.Build.0 = Debug|Any CPU
		{F80FD8CE-4DD9-4C62-9EB9-2643263D1D3F}.Mesa.Debug|x64.ActiveCfg = Debug|Any CPU
		{F80FD8CE-4DD9-4C62-9EB9-2643263D1D3F}.Mesa.Debug|x64.Build.0 = Debug|Any CPU
		{F80FD8CE-4DD9-4C62-9EB9-2643263D1D3F}.Mesa.Release|Any CPU.ActiveCfg = Release|Any CPU
		{F80FD8CE-4DD9-4C62-9EB9-2643263D1D3F}.Mesa.Release|Any CPU.Build.0 = Release|Any CPU
		{F80FD8CE-4DD9-4C62-9EB9-2643263D1D3F}.Mesa.Release|x64.ActiveCfg = Release|Any CPU
		{F80FD8CE-4DD9-4C62-9EB9-2643263D1D3F}.Mesa.Release|x64.Build.0 = Release|Any CPU
		{F80FD8CE-4DD9-4C62-9EB9-2643263D1D3F}.Release|Any CPU.ActiveCfg = Release|Any CPU
		{F80FD8CE-4DD9-4C62-9EB9-2643263D1D3F}.Release|Any CPU.Build.0 = Release|Any CPU
		{F80FD8CE-4DD9-4C62-9EB9-2643263D1D3F}.Release|x64.ActiveCfg = Release|Any CPU
		{F80FD8CE-4DD9-4C62-9EB9-2643263D1D3F}.Release|x64.Build.0 = Release|Any CPU
		{F80FD8CE-4DD9-4C62-9EB9-2643263D1D3F}.x64|Any CPU.ActiveCfg = Release|Any CPU
		{F80FD8CE-4DD9-4C62-9EB9-2643263D1D3F}.x64|Any CPU.Build.0 = Release|Any CPU
		{F80FD8CE-4DD9-4C62-9EB9-2643263D1D3F}.x64|x64.ActiveCfg = Release|Any CPU
		{F80FD8CE-4DD9-4C62-9EB9-2643263D1D3F}.x64|x64.Build.0 = Release|Any CPU
		{FC4296F9-B6F1-4A2E-92F3-9E73D19945E9}.Debug|Any CPU.ActiveCfg = Debug|Any CPU
		{FC4296F9-B6F1-4A2E-92F3-9E73D19945E9}.Debug|Any CPU.Build.0 = Debug|Any CPU
		{FC4296F9-B6F1-4A2E-92F3-9E73D19945E9}.Debug|x64.ActiveCfg = Debug|Any CPU
		{FC4296F9-B6F1-4A2E-92F3-9E73D19945E9}.Debug|x64.Build.0 = Debug|Any CPU
		{FC4296F9-B6F1-4A2E-92F3-9E73D19945E9}.Exo.Debug|Any CPU.ActiveCfg = Debug|Any CPU
		{FC4296F9-B6F1-4A2E-92F3-9E73D19945E9}.Exo.Debug|Any CPU.Build.0 = Debug|Any CPU
		{FC4296F9-B6F1-4A2E-92F3-9E73D19945E9}.Exo.Debug|x64.ActiveCfg = Debug|Any CPU
		{FC4296F9-B6F1-4A2E-92F3-9E73D19945E9}.Exo.Debug|x64.Build.0 = Debug|Any CPU
		{FC4296F9-B6F1-4A2E-92F3-9E73D19945E9}.Exo.Release|Any CPU.ActiveCfg = Release|Any CPU
		{FC4296F9-B6F1-4A2E-92F3-9E73D19945E9}.Exo.Release|Any CPU.Build.0 = Release|Any CPU
		{FC4296F9-B6F1-4A2E-92F3-9E73D19945E9}.Exo.Release|x64.ActiveCfg = Release|Any CPU
		{FC4296F9-B6F1-4A2E-92F3-9E73D19945E9}.Exo.Release|x64.Build.0 = Release|Any CPU
		{FC4296F9-B6F1-4A2E-92F3-9E73D19945E9}.Mesa.Debug|Any CPU.ActiveCfg = Debug|Any CPU
		{FC4296F9-B6F1-4A2E-92F3-9E73D19945E9}.Mesa.Debug|Any CPU.Build.0 = Debug|Any CPU
		{FC4296F9-B6F1-4A2E-92F3-9E73D19945E9}.Mesa.Debug|x64.ActiveCfg = Debug|Any CPU
		{FC4296F9-B6F1-4A2E-92F3-9E73D19945E9}.Mesa.Debug|x64.Build.0 = Debug|Any CPU
		{FC4296F9-B6F1-4A2E-92F3-9E73D19945E9}.Mesa.Release|Any CPU.ActiveCfg = Release|Any CPU
		{FC4296F9-B6F1-4A2E-92F3-9E73D19945E9}.Mesa.Release|Any CPU.Build.0 = Release|Any CPU
		{FC4296F9-B6F1-4A2E-92F3-9E73D19945E9}.Mesa.Release|x64.ActiveCfg = Release|Any CPU
		{FC4296F9-B6F1-4A2E-92F3-9E73D19945E9}.Mesa.Release|x64.Build.0 = Release|Any CPU
		{FC4296F9-B6F1-4A2E-92F3-9E73D19945E9}.Release|Any CPU.ActiveCfg = Release|Any CPU
		{FC4296F9-B6F1-4A2E-92F3-9E73D19945E9}.Release|Any CPU.Build.0 = Release|Any CPU
		{FC4296F9-B6F1-4A2E-92F3-9E73D19945E9}.Release|x64.ActiveCfg = Release|Any CPU
		{FC4296F9-B6F1-4A2E-92F3-9E73D19945E9}.Release|x64.Build.0 = Release|Any CPU
		{FC4296F9-B6F1-4A2E-92F3-9E73D19945E9}.x64|Any CPU.ActiveCfg = Release|Any CPU
		{FC4296F9-B6F1-4A2E-92F3-9E73D19945E9}.x64|Any CPU.Build.0 = Release|Any CPU
		{FC4296F9-B6F1-4A2E-92F3-9E73D19945E9}.x64|x64.ActiveCfg = Release|Any CPU
		{FC4296F9-B6F1-4A2E-92F3-9E73D19945E9}.x64|x64.Build.0 = Release|Any CPU
		{8806A8C5-47AA-4033-8638-804ABC71995A}.Debug|Any CPU.ActiveCfg = Debug|Any CPU
		{8806A8C5-47AA-4033-8638-804ABC71995A}.Debug|Any CPU.Build.0 = Debug|Any CPU
		{8806A8C5-47AA-4033-8638-804ABC71995A}.Debug|x64.ActiveCfg = Debug|Any CPU
		{8806A8C5-47AA-4033-8638-804ABC71995A}.Debug|x64.Build.0 = Debug|Any CPU
		{8806A8C5-47AA-4033-8638-804ABC71995A}.Exo.Debug|Any CPU.ActiveCfg = Debug|Any CPU
		{8806A8C5-47AA-4033-8638-804ABC71995A}.Exo.Debug|Any CPU.Build.0 = Debug|Any CPU
		{8806A8C5-47AA-4033-8638-804ABC71995A}.Exo.Debug|x64.ActiveCfg = Debug|Any CPU
		{8806A8C5-47AA-4033-8638-804ABC71995A}.Exo.Debug|x64.Build.0 = Debug|Any CPU
		{8806A8C5-47AA-4033-8638-804ABC71995A}.Exo.Release|Any CPU.ActiveCfg = Release|Any CPU
		{8806A8C5-47AA-4033-8638-804ABC71995A}.Exo.Release|Any CPU.Build.0 = Release|Any CPU
		{8806A8C5-47AA-4033-8638-804ABC71995A}.Exo.Release|x64.ActiveCfg = Release|Any CPU
		{8806A8C5-47AA-4033-8638-804ABC71995A}.Exo.Release|x64.Build.0 = Release|Any CPU
		{8806A8C5-47AA-4033-8638-804ABC71995A}.Mesa.Debug|Any CPU.ActiveCfg = Debug|Any CPU
		{8806A8C5-47AA-4033-8638-804ABC71995A}.Mesa.Debug|Any CPU.Build.0 = Debug|Any CPU
		{8806A8C5-47AA-4033-8638-804ABC71995A}.Mesa.Debug|x64.ActiveCfg = Debug|Any CPU
		{8806A8C5-47AA-4033-8638-804ABC71995A}.Mesa.Debug|x64.Build.0 = Debug|Any CPU
		{8806A8C5-47AA-4033-8638-804ABC71995A}.Mesa.Release|Any CPU.ActiveCfg = Release|Any CPU
		{8806A8C5-47AA-4033-8638-804ABC71995A}.Mesa.Release|Any CPU.Build.0 = Release|Any CPU
		{8806A8C5-47AA-4033-8638-804ABC71995A}.Mesa.Release|x64.ActiveCfg = Release|Any CPU
		{8806A8C5-47AA-4033-8638-804ABC71995A}.Mesa.Release|x64.Build.0 = Release|Any CPU
		{8806A8C5-47AA-4033-8638-804ABC71995A}.Release|Any CPU.ActiveCfg = Release|Any CPU
		{8806A8C5-47AA-4033-8638-804ABC71995A}.Release|Any CPU.Build.0 = Release|Any CPU
		{8806A8C5-47AA-4033-8638-804ABC71995A}.Release|x64.ActiveCfg = Release|Any CPU
		{8806A8C5-47AA-4033-8638-804ABC71995A}.Release|x64.Build.0 = Release|Any CPU
		{8806A8C5-47AA-4033-8638-804ABC71995A}.x64|Any CPU.ActiveCfg = Release|Any CPU
		{8806A8C5-47AA-4033-8638-804ABC71995A}.x64|Any CPU.Build.0 = Release|Any CPU
		{8806A8C5-47AA-4033-8638-804ABC71995A}.x64|x64.ActiveCfg = Release|Any CPU
		{8806A8C5-47AA-4033-8638-804ABC71995A}.x64|x64.Build.0 = Release|Any CPU
		{D47B2C72-9C45-48DE-841D-FA95A27F2485}.Debug|Any CPU.ActiveCfg = Debug|Any CPU
		{D47B2C72-9C45-48DE-841D-FA95A27F2485}.Debug|Any CPU.Build.0 = Debug|Any CPU
		{D47B2C72-9C45-48DE-841D-FA95A27F2485}.Debug|x64.ActiveCfg = Debug|Any CPU
		{D47B2C72-9C45-48DE-841D-FA95A27F2485}.Debug|x64.Build.0 = Debug|Any CPU
		{D47B2C72-9C45-48DE-841D-FA95A27F2485}.Exo.Debug|Any CPU.ActiveCfg = Debug|Any CPU
		{D47B2C72-9C45-48DE-841D-FA95A27F2485}.Exo.Debug|Any CPU.Build.0 = Debug|Any CPU
		{D47B2C72-9C45-48DE-841D-FA95A27F2485}.Exo.Debug|x64.ActiveCfg = Debug|Any CPU
		{D47B2C72-9C45-48DE-841D-FA95A27F2485}.Exo.Debug|x64.Build.0 = Debug|Any CPU
		{D47B2C72-9C45-48DE-841D-FA95A27F2485}.Exo.Release|Any CPU.ActiveCfg = Release|Any CPU
		{D47B2C72-9C45-48DE-841D-FA95A27F2485}.Exo.Release|Any CPU.Build.0 = Release|Any CPU
		{D47B2C72-9C45-48DE-841D-FA95A27F2485}.Exo.Release|x64.ActiveCfg = Release|Any CPU
		{D47B2C72-9C45-48DE-841D-FA95A27F2485}.Exo.Release|x64.Build.0 = Release|Any CPU
		{D47B2C72-9C45-48DE-841D-FA95A27F2485}.Mesa.Debug|Any CPU.ActiveCfg = Debug|Any CPU
		{D47B2C72-9C45-48DE-841D-FA95A27F2485}.Mesa.Debug|Any CPU.Build.0 = Debug|Any CPU
		{D47B2C72-9C45-48DE-841D-FA95A27F2485}.Mesa.Debug|x64.ActiveCfg = Debug|Any CPU
		{D47B2C72-9C45-48DE-841D-FA95A27F2485}.Mesa.Debug|x64.Build.0 = Debug|Any CPU
		{D47B2C72-9C45-48DE-841D-FA95A27F2485}.Mesa.Release|Any CPU.ActiveCfg = Release|Any CPU
		{D47B2C72-9C45-48DE-841D-FA95A27F2485}.Mesa.Release|Any CPU.Build.0 = Release|Any CPU
		{D47B2C72-9C45-48DE-841D-FA95A27F2485}.Mesa.Release|x64.ActiveCfg = Release|Any CPU
		{D47B2C72-9C45-48DE-841D-FA95A27F2485}.Mesa.Release|x64.Build.0 = Release|Any CPU
		{D47B2C72-9C45-48DE-841D-FA95A27F2485}.Release|Any CPU.ActiveCfg = Release|Any CPU
		{D47B2C72-9C45-48DE-841D-FA95A27F2485}.Release|Any CPU.Build.0 = Release|Any CPU
		{D47B2C72-9C45-48DE-841D-FA95A27F2485}.Release|x64.ActiveCfg = Release|Any CPU
		{D47B2C72-9C45-48DE-841D-FA95A27F2485}.Release|x64.Build.0 = Release|Any CPU
		{D47B2C72-9C45-48DE-841D-FA95A27F2485}.x64|Any CPU.ActiveCfg = Debug|Any CPU
		{D47B2C72-9C45-48DE-841D-FA95A27F2485}.x64|Any CPU.Build.0 = Debug|Any CPU
		{D47B2C72-9C45-48DE-841D-FA95A27F2485}.x64|x64.ActiveCfg = Debug|Any CPU
		{D47B2C72-9C45-48DE-841D-FA95A27F2485}.x64|x64.Build.0 = Debug|Any CPU
		{2544EB51-6704-4F85-AE01-F67047600011}.Debug|Any CPU.ActiveCfg = Debug|Any CPU
		{2544EB51-6704-4F85-AE01-F67047600011}.Debug|Any CPU.Build.0 = Debug|Any CPU
		{2544EB51-6704-4F85-AE01-F67047600011}.Debug|x64.ActiveCfg = Debug|Any CPU
		{2544EB51-6704-4F85-AE01-F67047600011}.Debug|x64.Build.0 = Debug|Any CPU
		{2544EB51-6704-4F85-AE01-F67047600011}.Exo.Debug|Any CPU.ActiveCfg = Debug|Any CPU
		{2544EB51-6704-4F85-AE01-F67047600011}.Exo.Debug|Any CPU.Build.0 = Debug|Any CPU
		{2544EB51-6704-4F85-AE01-F67047600011}.Exo.Debug|x64.ActiveCfg = Debug|Any CPU
		{2544EB51-6704-4F85-AE01-F67047600011}.Exo.Debug|x64.Build.0 = Debug|Any CPU
		{2544EB51-6704-4F85-AE01-F67047600011}.Exo.Release|Any CPU.ActiveCfg = Release|Any CPU
		{2544EB51-6704-4F85-AE01-F67047600011}.Exo.Release|Any CPU.Build.0 = Release|Any CPU
		{2544EB51-6704-4F85-AE01-F67047600011}.Exo.Release|x64.ActiveCfg = Release|Any CPU
		{2544EB51-6704-4F85-AE01-F67047600011}.Exo.Release|x64.Build.0 = Release|Any CPU
		{2544EB51-6704-4F85-AE01-F67047600011}.Mesa.Debug|Any CPU.ActiveCfg = Debug|Any CPU
		{2544EB51-6704-4F85-AE01-F67047600011}.Mesa.Debug|Any CPU.Build.0 = Debug|Any CPU
		{2544EB51-6704-4F85-AE01-F67047600011}.Mesa.Debug|x64.ActiveCfg = Debug|Any CPU
		{2544EB51-6704-4F85-AE01-F67047600011}.Mesa.Debug|x64.Build.0 = Debug|Any CPU
		{2544EB51-6704-4F85-AE01-F67047600011}.Mesa.Release|Any CPU.ActiveCfg = Release|Any CPU
		{2544EB51-6704-4F85-AE01-F67047600011}.Mesa.Release|Any CPU.Build.0 = Release|Any CPU
		{2544EB51-6704-4F85-AE01-F67047600011}.Mesa.Release|x64.ActiveCfg = Release|Any CPU
		{2544EB51-6704-4F85-AE01-F67047600011}.Mesa.Release|x64.Build.0 = Release|Any CPU
		{2544EB51-6704-4F85-AE01-F67047600011}.Release|Any CPU.ActiveCfg = Release|Any CPU
		{2544EB51-6704-4F85-AE01-F67047600011}.Release|Any CPU.Build.0 = Release|Any CPU
		{2544EB51-6704-4F85-AE01-F67047600011}.Release|x64.ActiveCfg = Release|Any CPU
		{2544EB51-6704-4F85-AE01-F67047600011}.Release|x64.Build.0 = Release|Any CPU
		{2544EB51-6704-4F85-AE01-F67047600011}.x64|Any CPU.ActiveCfg = Debug|Any CPU
		{2544EB51-6704-4F85-AE01-F67047600011}.x64|Any CPU.Build.0 = Debug|Any CPU
		{2544EB51-6704-4F85-AE01-F67047600011}.x64|x64.ActiveCfg = Debug|Any CPU
		{2544EB51-6704-4F85-AE01-F67047600011}.x64|x64.Build.0 = Debug|Any CPU
		{D197082E-D0FF-4249-AB0B-781813EE8421}.Debug|Any CPU.ActiveCfg = Debug|Any CPU
		{D197082E-D0FF-4249-AB0B-781813EE8421}.Debug|Any CPU.Build.0 = Debug|Any CPU
		{D197082E-D0FF-4249-AB0B-781813EE8421}.Debug|x64.ActiveCfg = Debug|Any CPU
		{D197082E-D0FF-4249-AB0B-781813EE8421}.Debug|x64.Build.0 = Debug|Any CPU
		{D197082E-D0FF-4249-AB0B-781813EE8421}.Exo.Debug|Any CPU.ActiveCfg = Debug|Any CPU
		{D197082E-D0FF-4249-AB0B-781813EE8421}.Exo.Debug|Any CPU.Build.0 = Debug|Any CPU
		{D197082E-D0FF-4249-AB0B-781813EE8421}.Exo.Debug|x64.ActiveCfg = Debug|Any CPU
		{D197082E-D0FF-4249-AB0B-781813EE8421}.Exo.Debug|x64.Build.0 = Debug|Any CPU
		{D197082E-D0FF-4249-AB0B-781813EE8421}.Exo.Release|Any CPU.ActiveCfg = Release|Any CPU
		{D197082E-D0FF-4249-AB0B-781813EE8421}.Exo.Release|Any CPU.Build.0 = Release|Any CPU
		{D197082E-D0FF-4249-AB0B-781813EE8421}.Exo.Release|x64.ActiveCfg = Release|Any CPU
		{D197082E-D0FF-4249-AB0B-781813EE8421}.Exo.Release|x64.Build.0 = Release|Any CPU
		{D197082E-D0FF-4249-AB0B-781813EE8421}.Mesa.Debug|Any CPU.ActiveCfg = Debug|Any CPU
		{D197082E-D0FF-4249-AB0B-781813EE8421}.Mesa.Debug|Any CPU.Build.0 = Debug|Any CPU
		{D197082E-D0FF-4249-AB0B-781813EE8421}.Mesa.Debug|x64.ActiveCfg = Debug|Any CPU
		{D197082E-D0FF-4249-AB0B-781813EE8421}.Mesa.Debug|x64.Build.0 = Debug|Any CPU
		{D197082E-D0FF-4249-AB0B-781813EE8421}.Mesa.Release|Any CPU.ActiveCfg = Release|Any CPU
		{D197082E-D0FF-4249-AB0B-781813EE8421}.Mesa.Release|Any CPU.Build.0 = Release|Any CPU
		{D197082E-D0FF-4249-AB0B-781813EE8421}.Mesa.Release|x64.ActiveCfg = Release|Any CPU
		{D197082E-D0FF-4249-AB0B-781813EE8421}.Mesa.Release|x64.Build.0 = Release|Any CPU
		{D197082E-D0FF-4249-AB0B-781813EE8421}.Release|Any CPU.ActiveCfg = Release|Any CPU
		{D197082E-D0FF-4249-AB0B-781813EE8421}.Release|Any CPU.Build.0 = Release|Any CPU
		{D197082E-D0FF-4249-AB0B-781813EE8421}.Release|x64.ActiveCfg = Release|Any CPU
		{D197082E-D0FF-4249-AB0B-781813EE8421}.Release|x64.Build.0 = Release|Any CPU
		{D197082E-D0FF-4249-AB0B-781813EE8421}.x64|Any CPU.ActiveCfg = Release|Any CPU
		{D197082E-D0FF-4249-AB0B-781813EE8421}.x64|Any CPU.Build.0 = Release|Any CPU
		{D197082E-D0FF-4249-AB0B-781813EE8421}.x64|x64.ActiveCfg = Release|Any CPU
		{D197082E-D0FF-4249-AB0B-781813EE8421}.x64|x64.Build.0 = Release|Any CPU
		{0BD63BC7-16A8-48A8-8287-E7D16EEF1704}.Debug|Any CPU.ActiveCfg = Debug|Any CPU
		{0BD63BC7-16A8-48A8-8287-E7D16EEF1704}.Debug|Any CPU.Build.0 = Debug|Any CPU
		{0BD63BC7-16A8-48A8-8287-E7D16EEF1704}.Debug|x64.ActiveCfg = Debug|Any CPU
		{0BD63BC7-16A8-48A8-8287-E7D16EEF1704}.Debug|x64.Build.0 = Debug|Any CPU
		{0BD63BC7-16A8-48A8-8287-E7D16EEF1704}.Exo.Debug|Any CPU.ActiveCfg = Debug|Any CPU
		{0BD63BC7-16A8-48A8-8287-E7D16EEF1704}.Exo.Debug|Any CPU.Build.0 = Debug|Any CPU
		{0BD63BC7-16A8-48A8-8287-E7D16EEF1704}.Exo.Debug|x64.ActiveCfg = Debug|Any CPU
		{0BD63BC7-16A8-48A8-8287-E7D16EEF1704}.Exo.Debug|x64.Build.0 = Debug|Any CPU
		{0BD63BC7-16A8-48A8-8287-E7D16EEF1704}.Exo.Release|Any CPU.ActiveCfg = Release|Any CPU
		{0BD63BC7-16A8-48A8-8287-E7D16EEF1704}.Exo.Release|Any CPU.Build.0 = Release|Any CPU
		{0BD63BC7-16A8-48A8-8287-E7D16EEF1704}.Exo.Release|x64.ActiveCfg = Release|Any CPU
		{0BD63BC7-16A8-48A8-8287-E7D16EEF1704}.Exo.Release|x64.Build.0 = Release|Any CPU
		{0BD63BC7-16A8-48A8-8287-E7D16EEF1704}.Mesa.Debug|Any CPU.ActiveCfg = Debug|Any CPU
		{0BD63BC7-16A8-48A8-8287-E7D16EEF1704}.Mesa.Debug|Any CPU.Build.0 = Debug|Any CPU
		{0BD63BC7-16A8-48A8-8287-E7D16EEF1704}.Mesa.Debug|x64.ActiveCfg = Debug|Any CPU
		{0BD63BC7-16A8-48A8-8287-E7D16EEF1704}.Mesa.Debug|x64.Build.0 = Debug|Any CPU
		{0BD63BC7-16A8-48A8-8287-E7D16EEF1704}.Mesa.Release|Any CPU.ActiveCfg = Release|Any CPU
		{0BD63BC7-16A8-48A8-8287-E7D16EEF1704}.Mesa.Release|Any CPU.Build.0 = Release|Any CPU
		{0BD63BC7-16A8-48A8-8287-E7D16EEF1704}.Mesa.Release|x64.ActiveCfg = Release|Any CPU
		{0BD63BC7-16A8-48A8-8287-E7D16EEF1704}.Mesa.Release|x64.Build.0 = Release|Any CPU
		{0BD63BC7-16A8-48A8-8287-E7D16EEF1704}.Release|Any CPU.ActiveCfg = Release|Any CPU
		{0BD63BC7-16A8-48A8-8287-E7D16EEF1704}.Release|Any CPU.Build.0 = Release|Any CPU
		{0BD63BC7-16A8-48A8-8287-E7D16EEF1704}.Release|x64.ActiveCfg = Release|Any CPU
		{0BD63BC7-16A8-48A8-8287-E7D16EEF1704}.Release|x64.Build.0 = Release|Any CPU
		{0BD63BC7-16A8-48A8-8287-E7D16EEF1704}.x64|Any CPU.ActiveCfg = Debug|Any CPU
		{0BD63BC7-16A8-48A8-8287-E7D16EEF1704}.x64|Any CPU.Build.0 = Debug|Any CPU
		{0BD63BC7-16A8-48A8-8287-E7D16EEF1704}.x64|x64.ActiveCfg = Debug|Any CPU
		{0BD63BC7-16A8-48A8-8287-E7D16EEF1704}.x64|x64.Build.0 = Debug|Any CPU
		{96BAE162-D9DE-4A18-BF59-0582D8854978}.Debug|Any CPU.ActiveCfg = Debug|Any CPU
		{96BAE162-D9DE-4A18-BF59-0582D8854978}.Debug|Any CPU.Build.0 = Debug|Any CPU
		{96BAE162-D9DE-4A18-BF59-0582D8854978}.Debug|x64.ActiveCfg = Debug|Any CPU
		{96BAE162-D9DE-4A18-BF59-0582D8854978}.Debug|x64.Build.0 = Debug|Any CPU
		{96BAE162-D9DE-4A18-BF59-0582D8854978}.Exo.Debug|Any CPU.ActiveCfg = Debug|Any CPU
		{96BAE162-D9DE-4A18-BF59-0582D8854978}.Exo.Debug|Any CPU.Build.0 = Debug|Any CPU
		{96BAE162-D9DE-4A18-BF59-0582D8854978}.Exo.Debug|x64.ActiveCfg = Debug|Any CPU
		{96BAE162-D9DE-4A18-BF59-0582D8854978}.Exo.Debug|x64.Build.0 = Debug|Any CPU
		{96BAE162-D9DE-4A18-BF59-0582D8854978}.Exo.Release|Any CPU.ActiveCfg = Release|Any CPU
		{96BAE162-D9DE-4A18-BF59-0582D8854978}.Exo.Release|Any CPU.Build.0 = Release|Any CPU
		{96BAE162-D9DE-4A18-BF59-0582D8854978}.Exo.Release|x64.ActiveCfg = Release|Any CPU
		{96BAE162-D9DE-4A18-BF59-0582D8854978}.Exo.Release|x64.Build.0 = Release|Any CPU
		{96BAE162-D9DE-4A18-BF59-0582D8854978}.Mesa.Debug|Any CPU.ActiveCfg = Debug|Any CPU
		{96BAE162-D9DE-4A18-BF59-0582D8854978}.Mesa.Debug|Any CPU.Build.0 = Debug|Any CPU
		{96BAE162-D9DE-4A18-BF59-0582D8854978}.Mesa.Debug|x64.ActiveCfg = Debug|Any CPU
		{96BAE162-D9DE-4A18-BF59-0582D8854978}.Mesa.Debug|x64.Build.0 = Debug|Any CPU
		{96BAE162-D9DE-4A18-BF59-0582D8854978}.Mesa.Release|Any CPU.ActiveCfg = Release|Any CPU
		{96BAE162-D9DE-4A18-BF59-0582D8854978}.Mesa.Release|Any CPU.Build.0 = Release|Any CPU
		{96BAE162-D9DE-4A18-BF59-0582D8854978}.Mesa.Release|x64.ActiveCfg = Release|Any CPU
		{96BAE162-D9DE-4A18-BF59-0582D8854978}.Mesa.Release|x64.Build.0 = Release|Any CPU
		{96BAE162-D9DE-4A18-BF59-0582D8854978}.Release|Any CPU.ActiveCfg = Release|Any CPU
		{96BAE162-D9DE-4A18-BF59-0582D8854978}.Release|Any CPU.Build.0 = Release|Any CPU
		{96BAE162-D9DE-4A18-BF59-0582D8854978}.Release|x64.ActiveCfg = Release|Any CPU
		{96BAE162-D9DE-4A18-BF59-0582D8854978}.Release|x64.Build.0 = Release|Any CPU
		{96BAE162-D9DE-4A18-BF59-0582D8854978}.x64|Any CPU.ActiveCfg = Debug|Any CPU
		{96BAE162-D9DE-4A18-BF59-0582D8854978}.x64|Any CPU.Build.0 = Debug|Any CPU
		{96BAE162-D9DE-4A18-BF59-0582D8854978}.x64|x64.ActiveCfg = Debug|Any CPU
		{96BAE162-D9DE-4A18-BF59-0582D8854978}.x64|x64.Build.0 = Debug|Any CPU
		{383469B7-0CA1-4A8B-B770-37B83C36EFA0}.Debug|Any CPU.ActiveCfg = Debug|Any CPU
		{383469B7-0CA1-4A8B-B770-37B83C36EFA0}.Debug|Any CPU.Build.0 = Debug|Any CPU
		{383469B7-0CA1-4A8B-B770-37B83C36EFA0}.Debug|x64.ActiveCfg = Debug|Any CPU
		{383469B7-0CA1-4A8B-B770-37B83C36EFA0}.Debug|x64.Build.0 = Debug|Any CPU
		{383469B7-0CA1-4A8B-B770-37B83C36EFA0}.Exo.Debug|Any CPU.ActiveCfg = Debug|Any CPU
		{383469B7-0CA1-4A8B-B770-37B83C36EFA0}.Exo.Debug|Any CPU.Build.0 = Debug|Any CPU
		{383469B7-0CA1-4A8B-B770-37B83C36EFA0}.Exo.Debug|x64.ActiveCfg = Debug|Any CPU
		{383469B7-0CA1-4A8B-B770-37B83C36EFA0}.Exo.Debug|x64.Build.0 = Debug|Any CPU
		{383469B7-0CA1-4A8B-B770-37B83C36EFA0}.Exo.Release|Any CPU.ActiveCfg = Release|Any CPU
		{383469B7-0CA1-4A8B-B770-37B83C36EFA0}.Exo.Release|Any CPU.Build.0 = Release|Any CPU
		{383469B7-0CA1-4A8B-B770-37B83C36EFA0}.Exo.Release|x64.ActiveCfg = Release|Any CPU
		{383469B7-0CA1-4A8B-B770-37B83C36EFA0}.Exo.Release|x64.Build.0 = Release|Any CPU
		{383469B7-0CA1-4A8B-B770-37B83C36EFA0}.Mesa.Debug|Any CPU.ActiveCfg = Debug|Any CPU
		{383469B7-0CA1-4A8B-B770-37B83C36EFA0}.Mesa.Debug|Any CPU.Build.0 = Debug|Any CPU
		{383469B7-0CA1-4A8B-B770-37B83C36EFA0}.Mesa.Debug|x64.ActiveCfg = Debug|Any CPU
		{383469B7-0CA1-4A8B-B770-37B83C36EFA0}.Mesa.Debug|x64.Build.0 = Debug|Any CPU
		{383469B7-0CA1-4A8B-B770-37B83C36EFA0}.Mesa.Release|Any CPU.ActiveCfg = Release|Any CPU
		{383469B7-0CA1-4A8B-B770-37B83C36EFA0}.Mesa.Release|Any CPU.Build.0 = Release|Any CPU
		{383469B7-0CA1-4A8B-B770-37B83C36EFA0}.Mesa.Release|x64.ActiveCfg = Release|Any CPU
		{383469B7-0CA1-4A8B-B770-37B83C36EFA0}.Mesa.Release|x64.Build.0 = Release|Any CPU
		{383469B7-0CA1-4A8B-B770-37B83C36EFA0}.Release|Any CPU.ActiveCfg = Release|Any CPU
		{383469B7-0CA1-4A8B-B770-37B83C36EFA0}.Release|Any CPU.Build.0 = Release|Any CPU
		{383469B7-0CA1-4A8B-B770-37B83C36EFA0}.Release|x64.ActiveCfg = Release|Any CPU
		{383469B7-0CA1-4A8B-B770-37B83C36EFA0}.Release|x64.Build.0 = Release|Any CPU
		{383469B7-0CA1-4A8B-B770-37B83C36EFA0}.x64|Any CPU.ActiveCfg = Release|Any CPU
		{383469B7-0CA1-4A8B-B770-37B83C36EFA0}.x64|Any CPU.Build.0 = Release|Any CPU
		{383469B7-0CA1-4A8B-B770-37B83C36EFA0}.x64|x64.ActiveCfg = Release|Any CPU
		{383469B7-0CA1-4A8B-B770-37B83C36EFA0}.x64|x64.Build.0 = Release|Any CPU
		{EBD3FDBD-8E8E-463A-BAFE-B6E192A678E2}.Debug|Any CPU.ActiveCfg = Debug|Any CPU
		{EBD3FDBD-8E8E-463A-BAFE-B6E192A678E2}.Debug|Any CPU.Build.0 = Debug|Any CPU
		{EBD3FDBD-8E8E-463A-BAFE-B6E192A678E2}.Debug|x64.ActiveCfg = Debug|Any CPU
		{EBD3FDBD-8E8E-463A-BAFE-B6E192A678E2}.Debug|x64.Build.0 = Debug|Any CPU
		{EBD3FDBD-8E8E-463A-BAFE-B6E192A678E2}.Exo.Debug|Any CPU.ActiveCfg = Debug|Any CPU
		{EBD3FDBD-8E8E-463A-BAFE-B6E192A678E2}.Exo.Debug|Any CPU.Build.0 = Debug|Any CPU
		{EBD3FDBD-8E8E-463A-BAFE-B6E192A678E2}.Exo.Debug|x64.ActiveCfg = Debug|Any CPU
		{EBD3FDBD-8E8E-463A-BAFE-B6E192A678E2}.Exo.Debug|x64.Build.0 = Debug|Any CPU
		{EBD3FDBD-8E8E-463A-BAFE-B6E192A678E2}.Exo.Release|Any CPU.ActiveCfg = Release|Any CPU
		{EBD3FDBD-8E8E-463A-BAFE-B6E192A678E2}.Exo.Release|Any CPU.Build.0 = Release|Any CPU
		{EBD3FDBD-8E8E-463A-BAFE-B6E192A678E2}.Exo.Release|x64.ActiveCfg = Release|Any CPU
		{EBD3FDBD-8E8E-463A-BAFE-B6E192A678E2}.Exo.Release|x64.Build.0 = Release|Any CPU
		{EBD3FDBD-8E8E-463A-BAFE-B6E192A678E2}.Mesa.Debug|Any CPU.ActiveCfg = Debug|Any CPU
		{EBD3FDBD-8E8E-463A-BAFE-B6E192A678E2}.Mesa.Debug|Any CPU.Build.0 = Debug|Any CPU
		{EBD3FDBD-8E8E-463A-BAFE-B6E192A678E2}.Mesa.Debug|x64.ActiveCfg = Debug|Any CPU
		{EBD3FDBD-8E8E-463A-BAFE-B6E192A678E2}.Mesa.Debug|x64.Build.0 = Debug|Any CPU
		{EBD3FDBD-8E8E-463A-BAFE-B6E192A678E2}.Mesa.Release|Any CPU.ActiveCfg = Release|Any CPU
		{EBD3FDBD-8E8E-463A-BAFE-B6E192A678E2}.Mesa.Release|Any CPU.Build.0 = Release|Any CPU
		{EBD3FDBD-8E8E-463A-BAFE-B6E192A678E2}.Mesa.Release|x64.ActiveCfg = Release|Any CPU
		{EBD3FDBD-8E8E-463A-BAFE-B6E192A678E2}.Mesa.Release|x64.Build.0 = Release|Any CPU
		{EBD3FDBD-8E8E-463A-BAFE-B6E192A678E2}.Release|Any CPU.ActiveCfg = Release|Any CPU
		{EBD3FDBD-8E8E-463A-BAFE-B6E192A678E2}.Release|Any CPU.Build.0 = Release|Any CPU
		{EBD3FDBD-8E8E-463A-BAFE-B6E192A678E2}.Release|x64.ActiveCfg = Release|Any CPU
		{EBD3FDBD-8E8E-463A-BAFE-B6E192A678E2}.Release|x64.Build.0 = Release|Any CPU
		{EBD3FDBD-8E8E-463A-BAFE-B6E192A678E2}.x64|Any CPU.ActiveCfg = Debug|Any CPU
		{EBD3FDBD-8E8E-463A-BAFE-B6E192A678E2}.x64|Any CPU.Build.0 = Debug|Any CPU
		{EBD3FDBD-8E8E-463A-BAFE-B6E192A678E2}.x64|x64.ActiveCfg = Debug|Any CPU
		{EBD3FDBD-8E8E-463A-BAFE-B6E192A678E2}.x64|x64.Build.0 = Debug|Any CPU
		{E3AC37C3-1403-4BBF-8654-A0244D9083CC}.Debug|Any CPU.ActiveCfg = Debug|Any CPU
		{E3AC37C3-1403-4BBF-8654-A0244D9083CC}.Debug|Any CPU.Build.0 = Debug|Any CPU
		{E3AC37C3-1403-4BBF-8654-A0244D9083CC}.Debug|x64.ActiveCfg = Debug|Any CPU
		{E3AC37C3-1403-4BBF-8654-A0244D9083CC}.Debug|x64.Build.0 = Debug|Any CPU
		{E3AC37C3-1403-4BBF-8654-A0244D9083CC}.Exo.Debug|Any CPU.ActiveCfg = Debug|Any CPU
		{E3AC37C3-1403-4BBF-8654-A0244D9083CC}.Exo.Debug|Any CPU.Build.0 = Debug|Any CPU
		{E3AC37C3-1403-4BBF-8654-A0244D9083CC}.Exo.Debug|x64.ActiveCfg = Debug|Any CPU
		{E3AC37C3-1403-4BBF-8654-A0244D9083CC}.Exo.Debug|x64.Build.0 = Debug|Any CPU
		{E3AC37C3-1403-4BBF-8654-A0244D9083CC}.Exo.Release|Any CPU.ActiveCfg = Release|Any CPU
		{E3AC37C3-1403-4BBF-8654-A0244D9083CC}.Exo.Release|Any CPU.Build.0 = Release|Any CPU
		{E3AC37C3-1403-4BBF-8654-A0244D9083CC}.Exo.Release|x64.ActiveCfg = Release|Any CPU
		{E3AC37C3-1403-4BBF-8654-A0244D9083CC}.Exo.Release|x64.Build.0 = Release|Any CPU
		{E3AC37C3-1403-4BBF-8654-A0244D9083CC}.Mesa.Debug|Any CPU.ActiveCfg = Debug|Any CPU
		{E3AC37C3-1403-4BBF-8654-A0244D9083CC}.Mesa.Debug|Any CPU.Build.0 = Debug|Any CPU
		{E3AC37C3-1403-4BBF-8654-A0244D9083CC}.Mesa.Debug|x64.ActiveCfg = Debug|Any CPU
		{E3AC37C3-1403-4BBF-8654-A0244D9083CC}.Mesa.Debug|x64.Build.0 = Debug|Any CPU
		{E3AC37C3-1403-4BBF-8654-A0244D9083CC}.Mesa.Release|Any CPU.ActiveCfg = Release|Any CPU
		{E3AC37C3-1403-4BBF-8654-A0244D9083CC}.Mesa.Release|Any CPU.Build.0 = Release|Any CPU
		{E3AC37C3-1403-4BBF-8654-A0244D9083CC}.Mesa.Release|x64.ActiveCfg = Release|Any CPU
		{E3AC37C3-1403-4BBF-8654-A0244D9083CC}.Mesa.Release|x64.Build.0 = Release|Any CPU
		{E3AC37C3-1403-4BBF-8654-A0244D9083CC}.Release|Any CPU.ActiveCfg = Release|Any CPU
		{E3AC37C3-1403-4BBF-8654-A0244D9083CC}.Release|Any CPU.Build.0 = Release|Any CPU
		{E3AC37C3-1403-4BBF-8654-A0244D9083CC}.Release|x64.ActiveCfg = Release|Any CPU
		{E3AC37C3-1403-4BBF-8654-A0244D9083CC}.Release|x64.Build.0 = Release|Any CPU
		{E3AC37C3-1403-4BBF-8654-A0244D9083CC}.x64|Any CPU.ActiveCfg = Debug|Any CPU
		{E3AC37C3-1403-4BBF-8654-A0244D9083CC}.x64|Any CPU.Build.0 = Debug|Any CPU
		{E3AC37C3-1403-4BBF-8654-A0244D9083CC}.x64|x64.ActiveCfg = Debug|Any CPU
		{E3AC37C3-1403-4BBF-8654-A0244D9083CC}.x64|x64.Build.0 = Debug|Any CPU
		{C0626993-A9D1-40B6-8802-4D8816160275}.Debug|Any CPU.ActiveCfg = Debug|Any CPU
		{C0626993-A9D1-40B6-8802-4D8816160275}.Debug|Any CPU.Build.0 = Debug|Any CPU
		{C0626993-A9D1-40B6-8802-4D8816160275}.Debug|x64.ActiveCfg = Debug|Any CPU
		{C0626993-A9D1-40B6-8802-4D8816160275}.Debug|x64.Build.0 = Debug|Any CPU
		{C0626993-A9D1-40B6-8802-4D8816160275}.Exo.Debug|Any CPU.ActiveCfg = Debug|Any CPU
		{C0626993-A9D1-40B6-8802-4D8816160275}.Exo.Debug|Any CPU.Build.0 = Debug|Any CPU
		{C0626993-A9D1-40B6-8802-4D8816160275}.Exo.Debug|x64.ActiveCfg = Debug|Any CPU
		{C0626993-A9D1-40B6-8802-4D8816160275}.Exo.Debug|x64.Build.0 = Debug|Any CPU
		{C0626993-A9D1-40B6-8802-4D8816160275}.Exo.Release|Any CPU.ActiveCfg = Release|Any CPU
		{C0626993-A9D1-40B6-8802-4D8816160275}.Exo.Release|Any CPU.Build.0 = Release|Any CPU
		{C0626993-A9D1-40B6-8802-4D8816160275}.Exo.Release|x64.ActiveCfg = Release|Any CPU
		{C0626993-A9D1-40B6-8802-4D8816160275}.Exo.Release|x64.Build.0 = Release|Any CPU
		{C0626993-A9D1-40B6-8802-4D8816160275}.Mesa.Debug|Any CPU.ActiveCfg = Debug|Any CPU
		{C0626993-A9D1-40B6-8802-4D8816160275}.Mesa.Debug|Any CPU.Build.0 = Debug|Any CPU
		{C0626993-A9D1-40B6-8802-4D8816160275}.Mesa.Debug|x64.ActiveCfg = Debug|Any CPU
		{C0626993-A9D1-40B6-8802-4D8816160275}.Mesa.Debug|x64.Build.0 = Debug|Any CPU
		{C0626993-A9D1-40B6-8802-4D8816160275}.Mesa.Release|Any CPU.ActiveCfg = Release|Any CPU
		{C0626993-A9D1-40B6-8802-4D8816160275}.Mesa.Release|Any CPU.Build.0 = Release|Any CPU
		{C0626993-A9D1-40B6-8802-4D8816160275}.Mesa.Release|x64.ActiveCfg = Release|Any CPU
		{C0626993-A9D1-40B6-8802-4D8816160275}.Mesa.Release|x64.Build.0 = Release|Any CPU
		{C0626993-A9D1-40B6-8802-4D8816160275}.Release|Any CPU.ActiveCfg = Release|Any CPU
		{C0626993-A9D1-40B6-8802-4D8816160275}.Release|Any CPU.Build.0 = Release|Any CPU
		{C0626993-A9D1-40B6-8802-4D8816160275}.Release|x64.ActiveCfg = Release|Any CPU
		{C0626993-A9D1-40B6-8802-4D8816160275}.Release|x64.Build.0 = Release|Any CPU
		{C0626993-A9D1-40B6-8802-4D8816160275}.x64|Any CPU.ActiveCfg = Debug|Any CPU
		{C0626993-A9D1-40B6-8802-4D8816160275}.x64|Any CPU.Build.0 = Debug|Any CPU
		{C0626993-A9D1-40B6-8802-4D8816160275}.x64|x64.ActiveCfg = Debug|Any CPU
		{C0626993-A9D1-40B6-8802-4D8816160275}.x64|x64.Build.0 = Debug|Any CPU
		{4708E9A6-DB0D-49CA-9DE2-226CED79EBEF}.Debug|Any CPU.ActiveCfg = Debug|Any CPU
		{4708E9A6-DB0D-49CA-9DE2-226CED79EBEF}.Debug|Any CPU.Build.0 = Debug|Any CPU
		{4708E9A6-DB0D-49CA-9DE2-226CED79EBEF}.Debug|x64.ActiveCfg = Debug|Any CPU
		{4708E9A6-DB0D-49CA-9DE2-226CED79EBEF}.Debug|x64.Build.0 = Debug|Any CPU
		{4708E9A6-DB0D-49CA-9DE2-226CED79EBEF}.Exo.Debug|Any CPU.ActiveCfg = Debug|Any CPU
		{4708E9A6-DB0D-49CA-9DE2-226CED79EBEF}.Exo.Debug|Any CPU.Build.0 = Debug|Any CPU
		{4708E9A6-DB0D-49CA-9DE2-226CED79EBEF}.Exo.Debug|x64.ActiveCfg = Debug|Any CPU
		{4708E9A6-DB0D-49CA-9DE2-226CED79EBEF}.Exo.Debug|x64.Build.0 = Debug|Any CPU
		{4708E9A6-DB0D-49CA-9DE2-226CED79EBEF}.Exo.Release|Any CPU.ActiveCfg = Release|Any CPU
		{4708E9A6-DB0D-49CA-9DE2-226CED79EBEF}.Exo.Release|Any CPU.Build.0 = Release|Any CPU
		{4708E9A6-DB0D-49CA-9DE2-226CED79EBEF}.Exo.Release|x64.ActiveCfg = Release|Any CPU
		{4708E9A6-DB0D-49CA-9DE2-226CED79EBEF}.Exo.Release|x64.Build.0 = Release|Any CPU
		{4708E9A6-DB0D-49CA-9DE2-226CED79EBEF}.Mesa.Debug|Any CPU.ActiveCfg = Debug|Any CPU
		{4708E9A6-DB0D-49CA-9DE2-226CED79EBEF}.Mesa.Debug|Any CPU.Build.0 = Debug|Any CPU
		{4708E9A6-DB0D-49CA-9DE2-226CED79EBEF}.Mesa.Debug|x64.ActiveCfg = Debug|Any CPU
		{4708E9A6-DB0D-49CA-9DE2-226CED79EBEF}.Mesa.Debug|x64.Build.0 = Debug|Any CPU
		{4708E9A6-DB0D-49CA-9DE2-226CED79EBEF}.Mesa.Release|Any CPU.ActiveCfg = Release|Any CPU
		{4708E9A6-DB0D-49CA-9DE2-226CED79EBEF}.Mesa.Release|Any CPU.Build.0 = Release|Any CPU
		{4708E9A6-DB0D-49CA-9DE2-226CED79EBEF}.Mesa.Release|x64.ActiveCfg = Release|Any CPU
		{4708E9A6-DB0D-49CA-9DE2-226CED79EBEF}.Mesa.Release|x64.Build.0 = Release|Any CPU
		{4708E9A6-DB0D-49CA-9DE2-226CED79EBEF}.Release|Any CPU.ActiveCfg = Release|Any CPU
		{4708E9A6-DB0D-49CA-9DE2-226CED79EBEF}.Release|Any CPU.Build.0 = Release|Any CPU
		{4708E9A6-DB0D-49CA-9DE2-226CED79EBEF}.Release|x64.ActiveCfg = Release|Any CPU
		{4708E9A6-DB0D-49CA-9DE2-226CED79EBEF}.Release|x64.Build.0 = Release|Any CPU
		{4708E9A6-DB0D-49CA-9DE2-226CED79EBEF}.x64|Any CPU.ActiveCfg = Debug|Any CPU
		{4708E9A6-DB0D-49CA-9DE2-226CED79EBEF}.x64|Any CPU.Build.0 = Debug|Any CPU
		{4708E9A6-DB0D-49CA-9DE2-226CED79EBEF}.x64|x64.ActiveCfg = Debug|Any CPU
		{4708E9A6-DB0D-49CA-9DE2-226CED79EBEF}.x64|x64.Build.0 = Debug|Any CPU
		{B225B45F-AAEC-4610-ABE8-A4C5EEF1DFA5}.Debug|Any CPU.ActiveCfg = Debug|Any CPU
		{B225B45F-AAEC-4610-ABE8-A4C5EEF1DFA5}.Debug|Any CPU.Build.0 = Debug|Any CPU
		{B225B45F-AAEC-4610-ABE8-A4C5EEF1DFA5}.Debug|x64.ActiveCfg = Debug|Any CPU
		{B225B45F-AAEC-4610-ABE8-A4C5EEF1DFA5}.Debug|x64.Build.0 = Debug|Any CPU
		{B225B45F-AAEC-4610-ABE8-A4C5EEF1DFA5}.Exo.Debug|Any CPU.ActiveCfg = Debug|Any CPU
		{B225B45F-AAEC-4610-ABE8-A4C5EEF1DFA5}.Exo.Debug|Any CPU.Build.0 = Debug|Any CPU
		{B225B45F-AAEC-4610-ABE8-A4C5EEF1DFA5}.Exo.Debug|x64.ActiveCfg = Debug|Any CPU
		{B225B45F-AAEC-4610-ABE8-A4C5EEF1DFA5}.Exo.Debug|x64.Build.0 = Debug|Any CPU
		{B225B45F-AAEC-4610-ABE8-A4C5EEF1DFA5}.Exo.Release|Any CPU.ActiveCfg = Release|Any CPU
		{B225B45F-AAEC-4610-ABE8-A4C5EEF1DFA5}.Exo.Release|Any CPU.Build.0 = Release|Any CPU
		{B225B45F-AAEC-4610-ABE8-A4C5EEF1DFA5}.Exo.Release|x64.ActiveCfg = Release|Any CPU
		{B225B45F-AAEC-4610-ABE8-A4C5EEF1DFA5}.Exo.Release|x64.Build.0 = Release|Any CPU
		{B225B45F-AAEC-4610-ABE8-A4C5EEF1DFA5}.Mesa.Debug|Any CPU.ActiveCfg = Debug|Any CPU
		{B225B45F-AAEC-4610-ABE8-A4C5EEF1DFA5}.Mesa.Debug|Any CPU.Build.0 = Debug|Any CPU
		{B225B45F-AAEC-4610-ABE8-A4C5EEF1DFA5}.Mesa.Debug|x64.ActiveCfg = Debug|Any CPU
		{B225B45F-AAEC-4610-ABE8-A4C5EEF1DFA5}.Mesa.Debug|x64.Build.0 = Debug|Any CPU
		{B225B45F-AAEC-4610-ABE8-A4C5EEF1DFA5}.Mesa.Release|Any CPU.ActiveCfg = Release|Any CPU
		{B225B45F-AAEC-4610-ABE8-A4C5EEF1DFA5}.Mesa.Release|Any CPU.Build.0 = Release|Any CPU
		{B225B45F-AAEC-4610-ABE8-A4C5EEF1DFA5}.Mesa.Release|x64.ActiveCfg = Release|Any CPU
		{B225B45F-AAEC-4610-ABE8-A4C5EEF1DFA5}.Mesa.Release|x64.Build.0 = Release|Any CPU
		{B225B45F-AAEC-4610-ABE8-A4C5EEF1DFA5}.Release|Any CPU.ActiveCfg = Release|Any CPU
		{B225B45F-AAEC-4610-ABE8-A4C5EEF1DFA5}.Release|Any CPU.Build.0 = Release|Any CPU
		{B225B45F-AAEC-4610-ABE8-A4C5EEF1DFA5}.Release|x64.ActiveCfg = Release|Any CPU
		{B225B45F-AAEC-4610-ABE8-A4C5EEF1DFA5}.Release|x64.Build.0 = Release|Any CPU
		{B225B45F-AAEC-4610-ABE8-A4C5EEF1DFA5}.x64|Any CPU.ActiveCfg = Debug|Any CPU
		{B225B45F-AAEC-4610-ABE8-A4C5EEF1DFA5}.x64|Any CPU.Build.0 = Debug|Any CPU
		{B225B45F-AAEC-4610-ABE8-A4C5EEF1DFA5}.x64|x64.ActiveCfg = Debug|Any CPU
		{B225B45F-AAEC-4610-ABE8-A4C5EEF1DFA5}.x64|x64.Build.0 = Debug|Any CPU
		{1CB94FA8-B910-4291-8352-F00046AA7E23}.Debug|Any CPU.ActiveCfg = Debug|Any CPU
		{1CB94FA8-B910-4291-8352-F00046AA7E23}.Debug|Any CPU.Build.0 = Debug|Any CPU
		{1CB94FA8-B910-4291-8352-F00046AA7E23}.Debug|x64.ActiveCfg = Debug|Any CPU
		{1CB94FA8-B910-4291-8352-F00046AA7E23}.Debug|x64.Build.0 = Debug|Any CPU
		{1CB94FA8-B910-4291-8352-F00046AA7E23}.Exo.Debug|Any CPU.ActiveCfg = Debug|Any CPU
		{1CB94FA8-B910-4291-8352-F00046AA7E23}.Exo.Debug|Any CPU.Build.0 = Debug|Any CPU
		{1CB94FA8-B910-4291-8352-F00046AA7E23}.Exo.Debug|x64.ActiveCfg = Debug|Any CPU
		{1CB94FA8-B910-4291-8352-F00046AA7E23}.Exo.Debug|x64.Build.0 = Debug|Any CPU
		{1CB94FA8-B910-4291-8352-F00046AA7E23}.Exo.Release|Any CPU.ActiveCfg = Release|Any CPU
		{1CB94FA8-B910-4291-8352-F00046AA7E23}.Exo.Release|Any CPU.Build.0 = Release|Any CPU
		{1CB94FA8-B910-4291-8352-F00046AA7E23}.Exo.Release|x64.ActiveCfg = Release|Any CPU
		{1CB94FA8-B910-4291-8352-F00046AA7E23}.Exo.Release|x64.Build.0 = Release|Any CPU
		{1CB94FA8-B910-4291-8352-F00046AA7E23}.Mesa.Debug|Any CPU.ActiveCfg = Debug|Any CPU
		{1CB94FA8-B910-4291-8352-F00046AA7E23}.Mesa.Debug|Any CPU.Build.0 = Debug|Any CPU
		{1CB94FA8-B910-4291-8352-F00046AA7E23}.Mesa.Debug|x64.ActiveCfg = Debug|Any CPU
		{1CB94FA8-B910-4291-8352-F00046AA7E23}.Mesa.Debug|x64.Build.0 = Debug|Any CPU
		{1CB94FA8-B910-4291-8352-F00046AA7E23}.Mesa.Release|Any CPU.ActiveCfg = Release|Any CPU
		{1CB94FA8-B910-4291-8352-F00046AA7E23}.Mesa.Release|Any CPU.Build.0 = Release|Any CPU
		{1CB94FA8-B910-4291-8352-F00046AA7E23}.Mesa.Release|x64.ActiveCfg = Release|Any CPU
		{1CB94FA8-B910-4291-8352-F00046AA7E23}.Mesa.Release|x64.Build.0 = Release|Any CPU
		{1CB94FA8-B910-4291-8352-F00046AA7E23}.Release|Any CPU.ActiveCfg = Release|Any CPU
		{1CB94FA8-B910-4291-8352-F00046AA7E23}.Release|Any CPU.Build.0 = Release|Any CPU
		{1CB94FA8-B910-4291-8352-F00046AA7E23}.Release|x64.ActiveCfg = Release|Any CPU
		{1CB94FA8-B910-4291-8352-F00046AA7E23}.Release|x64.Build.0 = Release|Any CPU
		{1CB94FA8-B910-4291-8352-F00046AA7E23}.x64|Any CPU.ActiveCfg = Debug|Any CPU
		{1CB94FA8-B910-4291-8352-F00046AA7E23}.x64|Any CPU.Build.0 = Debug|Any CPU
		{1CB94FA8-B910-4291-8352-F00046AA7E23}.x64|x64.ActiveCfg = Debug|Any CPU
		{1CB94FA8-B910-4291-8352-F00046AA7E23}.x64|x64.Build.0 = Debug|Any CPU
		{FF07ECC8-E65B-469E-9DFB-D9BB75F1722A}.Debug|Any CPU.ActiveCfg = Debug|Any CPU
		{FF07ECC8-E65B-469E-9DFB-D9BB75F1722A}.Debug|Any CPU.Build.0 = Debug|Any CPU
		{FF07ECC8-E65B-469E-9DFB-D9BB75F1722A}.Debug|x64.ActiveCfg = Debug|Any CPU
		{FF07ECC8-E65B-469E-9DFB-D9BB75F1722A}.Debug|x64.Build.0 = Debug|Any CPU
		{FF07ECC8-E65B-469E-9DFB-D9BB75F1722A}.Exo.Debug|Any CPU.ActiveCfg = Debug|Any CPU
		{FF07ECC8-E65B-469E-9DFB-D9BB75F1722A}.Exo.Debug|Any CPU.Build.0 = Debug|Any CPU
		{FF07ECC8-E65B-469E-9DFB-D9BB75F1722A}.Exo.Debug|x64.ActiveCfg = Debug|Any CPU
		{FF07ECC8-E65B-469E-9DFB-D9BB75F1722A}.Exo.Debug|x64.Build.0 = Debug|Any CPU
		{FF07ECC8-E65B-469E-9DFB-D9BB75F1722A}.Exo.Release|Any CPU.ActiveCfg = Release|Any CPU
		{FF07ECC8-E65B-469E-9DFB-D9BB75F1722A}.Exo.Release|Any CPU.Build.0 = Release|Any CPU
		{FF07ECC8-E65B-469E-9DFB-D9BB75F1722A}.Exo.Release|x64.ActiveCfg = Release|Any CPU
		{FF07ECC8-E65B-469E-9DFB-D9BB75F1722A}.Exo.Release|x64.Build.0 = Release|Any CPU
		{FF07ECC8-E65B-469E-9DFB-D9BB75F1722A}.Mesa.Debug|Any CPU.ActiveCfg = Debug|Any CPU
		{FF07ECC8-E65B-469E-9DFB-D9BB75F1722A}.Mesa.Debug|Any CPU.Build.0 = Debug|Any CPU
		{FF07ECC8-E65B-469E-9DFB-D9BB75F1722A}.Mesa.Debug|x64.ActiveCfg = Debug|Any CPU
		{FF07ECC8-E65B-469E-9DFB-D9BB75F1722A}.Mesa.Debug|x64.Build.0 = Debug|Any CPU
		{FF07ECC8-E65B-469E-9DFB-D9BB75F1722A}.Mesa.Release|Any CPU.ActiveCfg = Release|Any CPU
		{FF07ECC8-E65B-469E-9DFB-D9BB75F1722A}.Mesa.Release|Any CPU.Build.0 = Release|Any CPU
		{FF07ECC8-E65B-469E-9DFB-D9BB75F1722A}.Mesa.Release|x64.ActiveCfg = Release|Any CPU
		{FF07ECC8-E65B-469E-9DFB-D9BB75F1722A}.Mesa.Release|x64.Build.0 = Release|Any CPU
		{FF07ECC8-E65B-469E-9DFB-D9BB75F1722A}.Release|Any CPU.ActiveCfg = Release|Any CPU
		{FF07ECC8-E65B-469E-9DFB-D9BB75F1722A}.Release|Any CPU.Build.0 = Release|Any CPU
		{FF07ECC8-E65B-469E-9DFB-D9BB75F1722A}.Release|x64.ActiveCfg = Release|Any CPU
		{FF07ECC8-E65B-469E-9DFB-D9BB75F1722A}.Release|x64.Build.0 = Release|Any CPU
		{FF07ECC8-E65B-469E-9DFB-D9BB75F1722A}.x64|Any CPU.ActiveCfg = Debug|Any CPU
		{FF07ECC8-E65B-469E-9DFB-D9BB75F1722A}.x64|Any CPU.Build.0 = Debug|Any CPU
		{FF07ECC8-E65B-469E-9DFB-D9BB75F1722A}.x64|x64.ActiveCfg = Debug|Any CPU
		{FF07ECC8-E65B-469E-9DFB-D9BB75F1722A}.x64|x64.Build.0 = Debug|Any CPU
		{A086316A-D6F5-40F1-BB50-1F3130273296}.Debug|Any CPU.ActiveCfg = Debug|Any CPU
		{A086316A-D6F5-40F1-BB50-1F3130273296}.Debug|Any CPU.Build.0 = Debug|Any CPU
		{A086316A-D6F5-40F1-BB50-1F3130273296}.Debug|x64.ActiveCfg = Debug|Any CPU
		{A086316A-D6F5-40F1-BB50-1F3130273296}.Debug|x64.Build.0 = Debug|Any CPU
		{A086316A-D6F5-40F1-BB50-1F3130273296}.Exo.Debug|Any CPU.ActiveCfg = Debug|Any CPU
		{A086316A-D6F5-40F1-BB50-1F3130273296}.Exo.Debug|Any CPU.Build.0 = Debug|Any CPU
		{A086316A-D6F5-40F1-BB50-1F3130273296}.Exo.Debug|x64.ActiveCfg = Debug|Any CPU
		{A086316A-D6F5-40F1-BB50-1F3130273296}.Exo.Debug|x64.Build.0 = Debug|Any CPU
		{A086316A-D6F5-40F1-BB50-1F3130273296}.Exo.Release|Any CPU.ActiveCfg = Release|Any CPU
		{A086316A-D6F5-40F1-BB50-1F3130273296}.Exo.Release|Any CPU.Build.0 = Release|Any CPU
		{A086316A-D6F5-40F1-BB50-1F3130273296}.Exo.Release|x64.ActiveCfg = Release|Any CPU
		{A086316A-D6F5-40F1-BB50-1F3130273296}.Exo.Release|x64.Build.0 = Release|Any CPU
		{A086316A-D6F5-40F1-BB50-1F3130273296}.Mesa.Debug|Any CPU.ActiveCfg = Debug|Any CPU
		{A086316A-D6F5-40F1-BB50-1F3130273296}.Mesa.Debug|Any CPU.Build.0 = Debug|Any CPU
		{A086316A-D6F5-40F1-BB50-1F3130273296}.Mesa.Debug|x64.ActiveCfg = Debug|Any CPU
		{A086316A-D6F5-40F1-BB50-1F3130273296}.Mesa.Debug|x64.Build.0 = Debug|Any CPU
		{A086316A-D6F5-40F1-BB50-1F3130273296}.Mesa.Release|Any CPU.ActiveCfg = Release|Any CPU
		{A086316A-D6F5-40F1-BB50-1F3130273296}.Mesa.Release|Any CPU.Build.0 = Release|Any CPU
		{A086316A-D6F5-40F1-BB50-1F3130273296}.Mesa.Release|x64.ActiveCfg = Release|Any CPU
		{A086316A-D6F5-40F1-BB50-1F3130273296}.Mesa.Release|x64.Build.0 = Release|Any CPU
		{A086316A-D6F5-40F1-BB50-1F3130273296}.Release|Any CPU.ActiveCfg = Release|Any CPU
		{A086316A-D6F5-40F1-BB50-1F3130273296}.Release|Any CPU.Build.0 = Release|Any CPU
		{A086316A-D6F5-40F1-BB50-1F3130273296}.Release|x64.ActiveCfg = Release|Any CPU
		{A086316A-D6F5-40F1-BB50-1F3130273296}.Release|x64.Build.0 = Release|Any CPU
		{A086316A-D6F5-40F1-BB50-1F3130273296}.x64|Any CPU.ActiveCfg = Debug|Any CPU
		{A086316A-D6F5-40F1-BB50-1F3130273296}.x64|Any CPU.Build.0 = Debug|Any CPU
		{A086316A-D6F5-40F1-BB50-1F3130273296}.x64|x64.ActiveCfg = Debug|Any CPU
		{A086316A-D6F5-40F1-BB50-1F3130273296}.x64|x64.Build.0 = Debug|Any CPU
	EndGlobalSection
	GlobalSection(SolutionProperties) = preSolution
		HideSolutionNode = FALSE
	EndGlobalSection
	GlobalSection(NestedProjects) = preSolution
		{A815A71E-0B32-407F-9EAE-D520D168EF40} = {9C63D057-E4B7-452B-9D83-053AA0987054}
		{802006EB-CEDA-4FF1-839F-4EF9F38FA290} = {9C63D057-E4B7-452B-9D83-053AA0987054}
		{8C2532CE-E159-417E-A4E4-8B45F5911681} = {9C63D057-E4B7-452B-9D83-053AA0987054}
		{77E35CB1-F1C2-4024-99C5-601183BDCCDB} = {9C63D057-E4B7-452B-9D83-053AA0987054}
		{564DF3C0-296A-4694-8141-BDA4907E0A12} = {9C63D057-E4B7-452B-9D83-053AA0987054}
		{F80FD8CE-4DD9-4C62-9EB9-2643263D1D3F} = {9C63D057-E4B7-452B-9D83-053AA0987054}
		{D47B2C72-9C45-48DE-841D-FA95A27F2485} = {D484789C-2033-4D74-9E1F-CBFC078191B5}
		{2544EB51-6704-4F85-AE01-F67047600011} = {D484789C-2033-4D74-9E1F-CBFC078191B5}
		{D197082E-D0FF-4249-AB0B-781813EE8421} = {9C63D057-E4B7-452B-9D83-053AA0987054}
		{0BD63BC7-16A8-48A8-8287-E7D16EEF1704} = {D484789C-2033-4D74-9E1F-CBFC078191B5}
		{96BAE162-D9DE-4A18-BF59-0582D8854978} = {D484789C-2033-4D74-9E1F-CBFC078191B5}
		{383469B7-0CA1-4A8B-B770-37B83C36EFA0} = {9C63D057-E4B7-452B-9D83-053AA0987054}
		{EBD3FDBD-8E8E-463A-BAFE-B6E192A678E2} = {D484789C-2033-4D74-9E1F-CBFC078191B5}
		{E3AC37C3-1403-4BBF-8654-A0244D9083CC} = {D484789C-2033-4D74-9E1F-CBFC078191B5}
		{C0626993-A9D1-40B6-8802-4D8816160275} = {D484789C-2033-4D74-9E1F-CBFC078191B5}
		{4708E9A6-DB0D-49CA-9DE2-226CED79EBEF} = {D484789C-2033-4D74-9E1F-CBFC078191B5}
		{B225B45F-AAEC-4610-ABE8-A4C5EEF1DFA5} = {D484789C-2033-4D74-9E1F-CBFC078191B5}
		{1CB94FA8-B910-4291-8352-F00046AA7E23} = {D484789C-2033-4D74-9E1F-CBFC078191B5}
		{FF07ECC8-E65B-469E-9DFB-D9BB75F1722A} = {D484789C-2033-4D74-9E1F-CBFC078191B5}
		{A086316A-D6F5-40F1-BB50-1F3130273296} = {D484789C-2033-4D74-9E1F-CBFC078191B5}
	EndGlobalSection
	GlobalSection(ExtensibilityGlobals) = postSolution
		SolutionGuid = {110AF5E5-E508-4B29-81E5-273EBC83FA27}
	EndGlobalSection
EndGlobal
